
Microsoft Visual Studio Solution File, Format Version 12.00
# Visual Studio Version 17
VisualStudioVersion = 17.8.34309.116
MinimumVisualStudioVersion = 10.0.40219.1
Project("{FAE04EC0-301F-11D3-BF4B-00C04F79EFBC}") = "Perimetr", "Perimetr\Perimetr.csproj", "{0AE1150C-B446-4EA5-A553-57F55D9B81FB}"
EndProject
Global
	GlobalSection(SolutionConfigurationPlatforms) = preSolution
		Debug|Any CPU = Debug|Any CPU
		Release|Any CPU = Release|Any CPU
	EndGlobalSection
	GlobalSection(ProjectConfigurationPlatforms) = postSolution
		{0AE1150C-B446-4EA5-A553-57F55D9B81FB}.Debug|Any CPU.ActiveCfg = Debug|Any CPU
		{0AE1150C-B446-4EA5-A553-57F55D9B81FB}.Debug|Any CPU.Build.0 = Debug|Any CPU
		{0AE1150C-B446-4EA5-A553-57F55D9B81FB}.Release|Any CPU.ActiveCfg = Release|Any CPU
		{0AE1150C-B446-4EA5-A553-57F55D9B81FB}.Release|Any CPU.Build.0 = Release|Any CPU
	EndGlobalSection
	GlobalSection(SolutionProperties) = preSolution
		HideSolutionNode = FALSE
	EndGlobalSection
	GlobalSection(ExtensibilityGlobals) = postSolution
		SolutionGuid = {C971B097-590D-4DA7-A37D-A2187D62DA95}
	EndGlobalSection
EndGlobal
